
Microsoft Visual Studio Solution File, Format Version 12.00
# Visual Studio Version 17
VisualStudioVersion = 17.7.34221.43
MinimumVisualStudioVersion = 10.0.40219.1
Project("{FAE04EC0-301F-11D3-BF4B-00C04F79EFBC}") = "online1", "online1.csproj", "{4096FE2E-FC7D-4796-BE2F-6C2A9FD7764A}"
EndProject
Global
	GlobalSection(SolutionConfigurationPlatforms) = preSolution
		Debug|Any CPU = Debug|Any CPU
		Release|Any CPU = Release|Any CPU
	EndGlobalSection
	GlobalSection(ProjectConfigurationPlatforms) = postSolution
		{4096FE2E-FC7D-4796-BE2F-6C2A9FD7764A}.Debug|Any CPU.ActiveCfg = Debug|Any CPU
		{4096FE2E-FC7D-4796-BE2F-6C2A9FD7764A}.Debug|Any CPU.Build.0 = Debug|Any CPU
		{4096FE2E-FC7D-4796-BE2F-6C2A9FD7764A}.Release|Any CPU.ActiveCfg = Release|Any CPU
		{4096FE2E-FC7D-4796-BE2F-6C2A9FD7764A}.Release|Any CPU.Build.0 = Release|Any CPU
	EndGlobalSection
	GlobalSection(SolutionProperties) = preSolution
		HideSolutionNode = FALSE
	EndGlobalSection
	GlobalSection(ExtensibilityGlobals) = postSolution
		SolutionGuid = {111A6B56-EE6C-47E8-A704-5EC35B0B775C}
	EndGlobalSection
EndGlobal
